Microsoft Visual Studio Solution File, Format Version 12.00
# Visual Studio Version 17
VisualStudioVersion = 17.5.2.0
MinimumVisualStudioVersion = 10.0.40219.1
Project("{2150E333-8FDC-42A3-9474-1A3956D46DE8}") = "server", "server", "{DAD03CFC-D5FA-AC94-41C7-9ABAB326F09E}"
EndProject
Project("{FAE04EC0-301F-11D3-BF4B-00C04F79EFBC}") = "FuelFlow.Api", "server\FuelFlow.Api\FuelFlow.Api.csproj", "{6C48873E-86B1-A024-14C0-F06AB7040A48}"
EndProject
Project("{FAE04EC0-301F-11D3-BF4B-00C04F79EFBC}") = "FuelFlow.Application", "server\FuelFlow.Application\FuelFlow.Application.csproj", "{4F9E60A2-8916-F9DF-1166-99F5A8FD34E7}"
EndProject
Project("{FAE04EC0-301F-11D3-BF4B-00C04F79EFBC}") = "FuelFlow.Domain", "server\FuelFlow.Domain\FuelFlow.Domain.csproj", "{5A9AE0F7-E53D-6B63-27C9-5C2E8885D678}"
EndProject
Project("{FAE04EC0-301F-11D3-BF4B-00C04F79EFBC}") = "FuelFlow.Infrastructure", "server\FuelFlow.Infrastructure\FuelFlow.Infrastructure.csproj", "{BBB20835-F928-CED0-9BBF-64281794425D}"
EndProject
Global
	GlobalSection(SolutionConfigurationPlatforms) = preSolution
		Debug|Any CPU = Debug|Any CPU
		Release|Any CPU = Release|Any CPU
	EndGlobalSection
	GlobalSection(ProjectConfigurationPlatforms) = postSolution
		{6C48873E-86B1-A024-14C0-F06AB7040A48}.Debug|Any CPU.ActiveCfg = Debug|Any CPU
		{6C48873E-86B1-A024-14C0-F06AB7040A48}.Debug|Any CPU.Build.0 = Debug|Any CPU
		{6C48873E-86B1-A024-14C0-F06AB7040A48}.Release|Any CPU.ActiveCfg = Release|Any CPU
		{6C48873E-86B1-A024-14C0-F06AB7040A48}.Release|Any CPU.Build.0 = Release|Any CPU
		{4F9E60A2-8916-F9DF-1166-99F5A8FD34E7}.Debug|Any CPU.ActiveCfg = Debug|Any CPU
		{4F9E60A2-8916-F9DF-1166-99F5A8FD34E7}.Debug|Any CPU.Build.0 = Debug|Any CPU
		{4F9E60A2-8916-F9DF-1166-99F5A8FD34E7}.Release|Any CPU.ActiveCfg = Release|Any CPU
		{4F9E60A2-8916-F9DF-1166-99F5A8FD34E7}.Release|Any CPU.Build.0 = Release|Any CPU
		{5A9AE0F7-E53D-6B63-27C9-5C2E8885D678}.Debug|Any CPU.ActiveCfg = Debug|Any CPU
		{5A9AE0F7-E53D-6B63-27C9-5C2E8885D678}.Debug|Any CPU.Build.0 = Debug|Any CPU
		{5A9AE0F7-E53D-6B63-27C9-5C2E8885D678}.Release|Any CPU.ActiveCfg = Release|Any CPU
		{5A9AE0F7-E53D-6B63-27C9-5C2E8885D678}.Release|Any CPU.Build.0 = Release|Any CPU
		{BBB20835-F928-CED0-9BBF-64281794425D}.Debug|Any CPU.ActiveCfg = Debug|Any CPU
		{BBB20835-F928-CED0-9BBF-64281794425D}.Debug|Any CPU.Build.0 = Debug|Any CPU
		{BBB20835-F928-CED0-9BBF-64281794425D}.Release|Any CPU.ActiveCfg = Release|Any CPU
		{BBB20835-F928-CED0-9BBF-64281794425D}.Release|Any CPU.Build.0 = Release|Any CPU
	EndGlobalSection
	GlobalSection(SolutionProperties) = preSolution
		HideSolutionNode = FALSE
	EndGlobalSection
	GlobalSection(NestedProjects) = preSolution
		{6C48873E-86B1-A024-14C0-F06AB7040A48} = {DAD03CFC-D5FA-AC94-41C7-9ABAB326F09E}
		{4F9E60A2-8916-F9DF-1166-99F5A8FD34E7} = {DAD03CFC-D5FA-AC94-41C7-9ABAB326F09E}
		{5A9AE0F7-E53D-6B63-27C9-5C2E8885D678} = {DAD03CFC-D5FA-AC94-41C7-9ABAB326F09E}
		{BBB20835-F928-CED0-9BBF-64281794425D} = {DAD03CFC-D5FA-AC94-41C7-9ABAB326F09E}
	EndGlobalSection
	GlobalSection(ExtensibilityGlobals) = postSolution
		SolutionGuid = {39B5145C-3771-4341-B001-88F7800CDA0A}
	EndGlobalSection
EndGlobal
